
Microsoft Visual Studio Solution File, Format Version 12.00
# Visual Studio Version 17
VisualStudioVersion = 17.8.34330.188
MinimumVisualStudioVersion = 10.0.40219.1
Project("{FAE04EC0-301F-11D3-BF4B-00C04F79EFBC}") = "AOTMessage", "AOTMessage.csproj", "{713E293A-75FC-46F6-A716-3B38060641D9}"
EndProject
Global
	GlobalSection(SolutionConfigurationPlatforms) = preSolution
		Debug|Any CPU = Debug|Any CPU
		Release|Any CPU = Release|Any CPU
	EndGlobalSection
	GlobalSection(ProjectConfigurationPlatforms) = postSolution
		{713E293A-75FC-46F6-A716-3B38060641D9}.Debug|Any CPU.ActiveCfg = Debug|Any CPU
		{713E293A-75FC-46F6-A716-3B38060641D9}.Debug|Any CPU.Build.0 = Debug|Any CPU
		{713E293A-75FC-46F6-A716-3B38060641D9}.Release|Any CPU.ActiveCfg = Release|Any CPU
		{713E293A-75FC-46F6-A716-3B38060641D9}.Release|Any CPU.Build.0 = Release|Any CPU
	EndGlobalSection
	GlobalSection(SolutionProperties) = preSolution
		HideSolutionNode = FALSE
	EndGlobalSection
	GlobalSection(ExtensibilityGlobals) = postSolution
		SolutionGuid = {C0D68909-E740-453B-B66A-0270660AEBF7}
	EndGlobalSection
EndGlobal
